# THIS IS AN AUTOGENERATED FILE. DO NOT EDIT THIS FILE DIRECTLY.
# yarn lockfile v1


"@types/node@^18.0.0":
  version "18.0.0"
  resolved "https://registry.yarnpkg.com/@types/node/-/node-18.0.0.tgz#67c7b724e1bcdd7a8821ce0d5ee184d3b4dd525a"
  integrity sha512-cHlGmko4gWLVI27cGJntjs/Sj8th9aYwplmZFwmmgYQQvL5NUsgVJG7OddLvNfLqYS31KFN0s3qlaD9qCaxACA==

bluebird@^3.5.1:
  version "3.7.2"
  resolved "https://registry.npmjs.org/bluebird/-/bluebird-3.7.2.tgz"
  integrity sha512-XpNj6GDQzdfW+r2Wnn7xiSAd7TM3jzkxGXBGTtWKuSXv1xUV+azxAm8jdWZN06QTQk+2N2XB9jRDkvbmQmcRtg==

csvtojson@^2.0.10:
  version "2.0.10"
  resolved "https://registry.npmjs.org/csvtojson/-/csvtojson-2.0.10.tgz"
  integrity sha512-lUWFxGKyhraKCW8Qghz6Z0f2l/PqB1W3AO0HKJzGIQ5JRSlR651ekJDiGJbBT4sRNNv5ddnSGVEnsxP9XRCVpQ==
  dependencies:
    bluebird "^3.5.1"
    lodash "^4.17.3"
    strip-bom "^2.0.0"

is-utf8@^0.2.0:
  version "0.2.1"
  resolved "https://registry.npmjs.org/is-utf8/-/is-utf8-0.2.1.tgz"
  integrity sha512-rMYPYvCzsXywIsldgLaSoPlw5PfoB/ssr7hY4pLfcodrA5M/eArza1a9VmTiNIBNMjOGr1Ow9mTyU2o69U6U9Q==

lodash@^4.17.3:
  version "4.17.21"
  resolved "https://registry.npmjs.org/lodash/-/lodash-4.17.21.tgz"
  integrity sha512-v2kDEe57lecTulaDIuNTPy3Ry4gLGJ6Z1O3vE1krgXZNrsQ+LFTGHVxVjcXPs17LhbZVGedAJv8XZ1tvj5FvSg==

strip-bom@^2.0.0:
  version "2.0.0"
  resolved "https://registry.npmjs.org/strip-bom/-/strip-bom-2.0.0.tgz"
  integrity sha512-kwrX1y7czp1E69n2ajbG65mIo9dqvJ+8aBQXOGVxqwvNbsXdFM6Lq37dLAY3mknUwru8CfcCbfOLL/gMo+fi3g==
  dependencies:
    is-utf8 "^0.2.0"

typescript@^4.7.3:
  version "4.7.3"
  resolved "https://registry.npmjs.org/typescript/-/typescript-4.7.3.tgz"
  integrity sha512-WOkT3XYvrpXx4vMMqlD+8R8R37fZkjyLGlxavMc4iB8lrl8L0DeTcHbYgw/v0N/z9wAFsgBhcsF0ruoySS22mA==
